// !$*UTF8*$!
{
	archiveVersion = 1;
	classes = {
	};
	objectVersion = 50;
	objects = {

/* Begin PBXBuildFile section */
		2219DD7C2295F355002EC3E9 /* ParallaxIntro.swift in Sources */ = {isa = PBXBuildFile; fileRef = 2219DD7B2295F355002EC3E9 /* ParallaxIntro.swift */; };
		2219DD7E2295F3F1002EC3E9 /* AnimationInit.swift in Sources */ = {isa = PBXBuildFile; fileRef = 2219DD7D2295F3F1002EC3E9 /* AnimationInit.swift */; };
		2284DC682451DF6700F38805 /* ViewModel3D.swift in Sources */ = {isa = PBXBuildFile; fileRef = 2284DC672451DF6700F38805 /* ViewModel3D.swift */; };
		2284DC6C2451E61700F38805 /* model3d.scnassets.xcassets in Resources */ = {isa = PBXBuildFile; fileRef = 2284DC6B2451E61700F38805 /* model3d.scnassets.xcassets */; };
		2284DC6E2451E6D000F38805 /* Model3dScena.scnassets in Resources */ = {isa = PBXBuildFile; fileRef = 2284DC6D2451E6D000F38805 /* Model3dScena.scnassets */; };
		22854B69228BB42B001027CB /* AppDelegate.swift in Sources */ = {isa = PBXBuildFile; fileRef = 22854B68228BB42B001027CB /* AppDelegate.swift */; };
		22854B6B228BB42B001027CB /* ViewController.swift in Sources */ = {isa = PBXBuildFile; fileRef = 22854B6A228BB42B001027CB /* ViewController.swift */; };
		22854B6E228BB42B001027CB /* Main.storyboard in Resources */ = {isa = PBXBuildFile; fileRef = 22854B6C228BB42B001027CB /* Main.storyboard */; };
		22854B70228BB42C001027CB /* Assets.xcassets in Resources */ = {isa = PBXBuildFile; fileRef = 22854B6F228BB42C001027CB /* Assets.xcassets */; };
		22854B73228BB42C001027CB /* LaunchScreen.storyboard in Resources */ = {isa = PBXBuildFile; fileRef = 22854B71228BB42C001027CB /* LaunchScreen.storyboard */; };
		22854B7B228BB645001027CB /* GoogleService-Info.plist in Resources */ = {isa = PBXBuildFile; fileRef = 22854B7A228BB645001027CB /* GoogleService-Info.plist */; };
		22E9C84423CCF027007306E5 /* MainTableViewCell.swift in Sources */ = {isa = PBXBuildFile; fileRef = 22E9C84323CCF027007306E5 /* MainTableViewCell.swift */; };
		22E9C84623CCF064007306E5 /* InsideCollectionViewCell.swift in Sources */ = {isa = PBXBuildFile; fileRef = 22E9C84523CCF064007306E5 /* InsideCollectionViewCell.swift */; };
		22E9C84823CCFC63007306E5 /* BibliotecaViewController.swift in Sources */ = {isa = PBXBuildFile; fileRef = 22E9C84723CCFC63007306E5 /* BibliotecaViewController.swift */; };
		ECBF9D7B8D339EDB49F0B087 /* Pods_RAVirtuaLect.framework in Frameworks */ = {isa = PBXBuildFile; fileRef = 1D96BC2877C1509CFDFFB155 /* Pods_RAVirtuaLect.framework */; };
/* End PBXBuildFile section */

/* Begin PBXFileReference section */
		1D96BC2877C1509CFDFFB155 /* Pods_RAVirtuaLect.framework */ = {isa = PBXFileReference; explicitFileType = wrapper.framework; includeInIndex = 0; path = Pods_RAVirtuaLect.framework; sourceTree = BUILT_PRODUCTS_DIR; };
		2219DD7B2295F355002EC3E9 /* ParallaxIntro.swift */ = {isa = PBXFileReference; lastKnownFileType = sourcecode.swift; path = ParallaxIntro.swift; sourceTree = "<group>"; };
		2219DD7D2295F3F1002EC3E9 /* AnimationInit.swift */ = {isa = PBXFileReference; lastKnownFileType = sourcecode.swift; path = AnimationInit.swift; sourceTree = "<group>"; };
		2284DC672451DF6700F38805 /* ViewModel3D.swift */ = {isa = PBXFileReference; lastKnownFileType = sourcecode.swift; path = ViewModel3D.swift; sourceTree = "<group>"; };
		2284DC6B2451E61700F38805 /* model3d.scnassets.xcassets */ = {isa = PBXFileReference; lastKnownFileType = folder.assetcatalog; path = model3d.scnassets.xcassets; sourceTree = "<group>"; };
		2284DC6D2451E6D000F38805 /* Model3dScena.scnassets */ = {isa = PBXFileReference; lastKnownFileType = wrapper.scnassets; path = Model3dScena.scnassets; sourceTree = "<group>"; };
		22854B65228BB42B001027CB /* RAVirtuaLect.app */ = {isa = PBXFileReference; explicitFileType = wrapper.application; includeInIndex = 0; path = RAVirtuaLect.app; sourceTree = BUILT_PRODUCTS_DIR; };
		22854B68228BB42B001027CB /* AppDelegate.swift */ = {isa = PBXFileReference; lastKnownFileType = sourcecode.swift; path = AppDelegate.swift; sourceTree = "<group>"; };
		22854B6A228BB42B001027CB /* ViewController.swift */ = {isa = PBXFileReference; lastKnownFileType = sourcecode.swift; path = ViewController.swift; sourceTree = "<group>"; };
		22854B6D228BB42B001027CB /* Base */ = {isa = PBXFileReference; lastKnownFileType = file.storyboard; name = Base; path = Base.lproj/Main.storyboard; sourceTree = "<group>"; };
		22854B6F228BB42C001027CB /* Assets.xcassets */ = {isa = PBXFileReference; lastKnownFileType = folder.assetcatalog; path = Assets.xcassets; sourceTree = "<group>"; };
		22854B72228BB42C001027CB /* Base */ = {isa = PBXFileReference; lastKnownFileType = file.storyboard; name = Base; path = Base.lproj/LaunchScreen.storyboard; sourceTree = "<group>"; };
		22854B74228BB42C001027CB /* Info.plist */ = {isa = PBXFileReference; lastKnownFileType = text.plist.xml; path = Info.plist; sourceTree = "<group>"; };
		22854B7A228BB645001027CB /* GoogleService-Info.plist */ = {isa = PBXFileReference; fileEncoding = 4; lastKnownFileType = text.plist.xml; path = "GoogleService-Info.plist"; sourceTree = "<group>"; };
		22E9C84323CCF027007306E5 /* MainTableViewCell.swift */ = {isa = PBXFileReference; lastKnownFileType = sourcecode.swift; path = MainTableViewCell.swift; sourceTree = "<group>"; };
		22E9C84523CCF064007306E5 /* InsideCollectionViewCell.swift */ = {isa = PBXFileReference; lastKnownFileType = sourcecode.swift; path = InsideCollectionViewCell.swift; sourceTree = "<group>"; };
		22E9C84723CCFC63007306E5 /* BibliotecaViewController.swift */ = {isa = PBXFileReference; lastKnownFileType = sourcecode.swift; path = BibliotecaViewController.swift; sourceTree = "<group>"; };
		231E26429B8C9F216C85574D /* Pods-RAVirtuaLect.debug.xcconfig */ = {isa = PBXFileReference; includeInIndex = 1; lastKnownFileType = text.xcconfig; name = "Pods-RAVirtuaLect.debug.xcconfig"; path = "Target Support Files/Pods-RAVirtuaLect/Pods-RAVirtuaLect.debug.xcconfig"; sourceTree = "<group>"; };
		37C77A26BCAC32F1A7D0326A /* Pods-RAVirtuaLect.release.xcconfig */ = {isa = PBXFileReference; includeInIndex = 1; lastKnownFileType = text.xcconfig; name = "Pods-RAVirtuaLect.release.xcconfig"; path = "Target Support Files/Pods-RAVirtuaLect/Pods-RAVirtuaLect.release.xcconfig"; sourceTree = "<group>"; };
/* End PBXFileReference section */

/* Begin PBXFrameworksBuildPhase section */
		22854B62228BB42B001027CB /* Frameworks */ = {
			isa = PBXFrameworksBuildPhase;
			buildActionMask = 2147483647;
			files = (
				ECBF9D7B8D339EDB49F0B087 /* Pods_RAVirtuaLect.framework in Frameworks */,
			);
			runOnlyForDeploymentPostprocessing = 0;
		};
/* End PBXFrameworksBuildPhase section */

/* Begin PBXGroup section */
		1F29ACA4C82A9B6368938061 /* Frameworks */ = {
			isa = PBXGroup;
			children = (
				1D96BC2877C1509CFDFFB155 /* Pods_RAVirtuaLect.framework */,
			);
			name = Frameworks;
			sourceTree = "<group>";
		};
		22854B5C228BB42B001027CB = {
			isa = PBXGroup;
			children = (
				22854B67228BB42B001027CB /* RAVirtuaLect */,
				22854B66228BB42B001027CB /* Products */,
				D9B073D980AB0644F8C97288 /* Pods */,
				1F29ACA4C82A9B6368938061 /* Frameworks */,
			);
			sourceTree = "<group>";
		};
		22854B66228BB42B001027CB /* Products */ = {
			isa = PBXGroup;
			children = (
				22854B65228BB42B001027CB /* RAVirtuaLect.app */,
			);
			name = Products;
			sourceTree = "<group>";
		};
		22854B67228BB42B001027CB /* RAVirtuaLect */ = {
			isa = PBXGroup;
			children = (
				22854B68228BB42B001027CB /* AppDelegate.swift */,
				2284DC672451DF6700F38805 /* ViewModel3D.swift */,
				22854B6A228BB42B001027CB /* ViewController.swift */,
				2219DD7D2295F3F1002EC3E9 /* AnimationInit.swift */,
				22854B6C228BB42B001027CB /* Main.storyboard */,
				22E9C84723CCFC63007306E5 /* BibliotecaViewController.swift */,
				22E9C84323CCF027007306E5 /* MainTableViewCell.swift */,
				22E9C84523CCF064007306E5 /* InsideCollectionViewCell.swift */,
				2219DD7B2295F355002EC3E9 /* ParallaxIntro.swift */,
				22854B6F228BB42C001027CB /* Assets.xcassets */,
				22854B71228BB42C001027CB /* LaunchScreen.storyboard */,
				22854B7A228BB645001027CB /* GoogleService-Info.plist */,
				22854B74228BB42C001027CB /* Info.plist */,
				2284DC6B2451E61700F38805 /* model3d.scnassets.xcassets */,
				2284DC6D2451E6D000F38805 /* Model3dScena.scnassets */,
			);
			path = RAVirtuaLect;
			sourceTree = "<group>";
		};
		D9B073D980AB0644F8C97288 /* Pods */ = {
			isa = PBXGroup;
			children = (
				231E26429B8C9F216C85574D /* Pods-RAVirtuaLect.debug.xcconfig */,
				37C77A26BCAC32F1A7D0326A /* Pods-RAVirtuaLect.release.xcconfig */,
			);
			path = Pods;
			sourceTree = "<group>";
		};
/* End PBXGroup section */

/* Begin PBXNativeTarget section */
		22854B64228BB42B001027CB /* RAVirtuaLect */ = {
			isa = PBXNativeTarget;
			buildConfigurationList = 22854B77228BB42C001027CB /* Build configuration list for PBXNativeTarget "RAVirtuaLect" */;
			buildPhases = (
				BCF6036A07E9D4D3F298E7FE /* [CP] Check Pods Manifest.lock */,
				22854B61228BB42B001027CB /* Sources */,
				22854B62228BB42B001027CB /* Frameworks */,
				22854B63228BB42B001027CB /* Resources */,
				5F88F4E64AE6CF975C52DF8D /* [CP] Embed Pods Frameworks */,
			);
			buildRules = (
			);
			dependencies = (
			);
			name = RAVirtuaLect;
			productName = RAVirtuaLect;
			productReference = 22854B65228BB42B001027CB /* RAVirtuaLect.app */;
			productType = "com.apple.product-type.application";
		};
/* End PBXNativeTarget section */

/* Begin PBXProject section */
		22854B5D228BB42B001027CB /* Project object */ = {
			isa = PBXProject;
			attributes = {
				LastSwiftUpdateCheck = 1010;
				LastUpgradeCheck = 1010;
				ORGANIZATIONNAME = "virtual lecto";
				TargetAttributes = {
					22854B64228BB42B001027CB = {
						CreatedOnToolsVersion = 10.1;
					};
				};
			};
			buildConfigurationList = 22854B60228BB42B001027CB /* Build configuration list for PBXProject "RAVirtuaLect" */;
			compatibilityVersion = "Xcode 9.3";
			developmentRegion = en;
			hasScannedForEncodings = 0;
			knownRegions = (
				en,
				Base,
			);
			mainGroup = 22854B5C228BB42B001027CB;
			productRefGroup = 22854B66228BB42B001027CB /* Products */;
			projectDirPath = "";
			projectRoot = "";
			targets = (
				22854B64228BB42B001027CB /* RAVirtuaLect */,
			);
		};
/* End PBXProject section */

/* Begin PBXResourcesBuildPhase section */
		22854B63228BB42B001027CB /* Resources */ = {
			isa = PBXResourcesBuildPhase;
			buildActionMask = 2147483647;
			files = (
				22854B73228BB42C001027CB /* LaunchScreen.storyboard in Resources */,
				2284DC6E2451E6D000F38805 /* Model3dScena.scnassets in Resources */,
				22854B7B228BB645001027CB /* GoogleService-Info.plist in Resources */,
				22854B70228BB42C001027CB /* Assets.xcassets in Resources */,
				22854B6E228BB42B001027CB /* Main.storyboard in Resources */,
				2284DC6C2451E61700F38805 /* model3d.scnassets.xcassets in Resources */,
			);
			runOnlyForDeploymentPostprocessing = 0;
		};
/* End PBXResourcesBuildPhase section */

/* Begin PBXShellScriptBuildPhase section */
		5F88F4E64AE6CF975C52DF8D /* [CP] Embed Pods Frameworks */ = {
			isa = PBXShellScriptBuildPhase;
			buildActionMask = 2147483647;
			files = (
			);
			inputFileListPaths = (
			);
			inputPaths = (
				"${PODS_ROOT}/Target Support Files/Pods-RAVirtuaLect/Pods-RAVirtuaLect-frameworks.sh",
				"${BUILT_PRODUCTS_DIR}/GTMSessionFetcher/GTMSessionFetcher.framework",
				"${BUILT_PRODUCTS_DIR}/GoogleUtilities/GoogleUtilities.framework",
				"${BUILT_PRODUCTS_DIR}/nanopb/nanopb.framework",
			);
			name = "[CP] Embed Pods Frameworks";
			outputFileListPaths = (
			);
			outputPaths = (
				"${TARGET_BUILD_DIR}/${FRAMEWORKS_FOLDER_PATH}/GTMSessionFetcher.framework",
				"${TARGET_BUILD_DIR}/${FRAMEWORKS_FOLDER_PATH}/GoogleUtilities.framework",
				"${TARGET_BUILD_DIR}/${FRAMEWORKS_FOLDER_PATH}/nanopb.framework",
			);
			runOnlyForDeploymentPostprocessing = 0;
			shellPath = /bin/sh;
			shellScript = "\"${PODS_ROOT}/Target Support Files/Pods-RAVirtuaLect/Pods-RAVirtuaLect-frameworks.sh\"\n";
			showEnvVarsInLog = 0;
		};
		BCF6036A07E9D4D3F298E7FE /* [CP] Check Pods Manifest.lock */ = {
			isa = PBXShellScriptBuildPhase;
			buildActionMask = 2147483647;
			files = (
			);
			inputFileListPaths = (
			);
			inputPaths = (
				"${PODS_PODFILE_DIR_PATH}/Podfile.lock",
				"${PODS_ROOT}/Manifest.lock",
			);
			name = "[CP] Check Pods Manifest.lock";
			outputFileListPaths = (
			);
			outputPaths = (
				"$(DERIVED_FILE_DIR)/Pods-RAVirtuaLect-checkManifestLockResult.txt",
			);
			runOnlyForDeploymentPostprocessing = 0;
			shellPath = /bin/sh;
			shellScript = "diff \"${PODS_PODFILE_DIR_PATH}/Podfile.lock\" \"${PODS_ROOT}/Manifest.lock\" > /dev/null\nif [ $? != 0 ] ; then\n    # print error to STDERR\n    echo \"error: The sandbox is not in sync with the Podfile.lock. Run 'pod install' or update your CocoaPods installation.\" >&2\n    exit 1\nfi\n# This output is used by Xcode 'outputs' to avoid re-running this script phase.\necho \"SUCCESS\" > \"${SCRIPT_OUTPUT_FILE_0}\"\n";
			showEnvVarsInLog = 0;
		};
/* End PBXShellScriptBuildPhase section */

/* Begin PBXSourcesBuildPhase section */
		22854B61228BB42B001027CB /* Sources */ = {
			isa = PBXSourcesBuildPhase;
			buildActionMask = 2147483647;
			files = (
				22E9C84623CCF064007306E5 /* InsideCollectionViewCell.swift in Sources */,
				22854B6B228BB42B001027CB /* ViewController.swift in Sources */,
				2219DD7C2295F355002EC3E9 /* ParallaxIntro.swift in Sources */,
				2219DD7E2295F3F1002EC3E9 /* AnimationInit.swift in Sources */,
				22E9C84823CCFC63007306E5 /* BibliotecaViewController.swift in Sources */,
				22854B69228BB42B001027CB /* AppDelegate.swift in Sources */,
				22E9C84423CCF027007306E5 /* MainTableViewCell.swift in Sources */,
				2284DC682451DF6700F38805 /* ViewModel3D.swift in Sources */,
			);
			runOnlyForDeploymentPostprocessing = 0;
		};
/* End PBXSourcesBuildPhase section */

/* Begin PBXVariantGroup section */
		22854B6C228BB42B001027CB /* Main.storyboard */ = {
			isa = PBXVariantGroup;
			children = (
				22854B6D228BB42B001027CB /* Base */,
			);
			name = Main.storyboard;
			sourceTree = "<group>";
		};
		22854B71228BB42C001027CB /* LaunchScreen.storyboard */ = {
			isa = PBXVariantGroup;
			children = (
				22854B72228BB42C001027CB /* Base */,
			);
			name = LaunchScreen.storyboard;
			sourceTree = "<group>";
		};
/* End PBXVariantGroup section */

/* Begin XCBuildConfiguration section */
		22854B75228BB42C001027CB /* Debug */ = {
			isa = XCBuildConfiguration;
			buildSettings = {
				ALWAYS_SEARCH_USER_PATHS = NO;
				CLANG_ANALYZER_NONNULL = YES;
				CLANG_ANALYZER_NUMBER_OBJECT_CONVERSION = YES_AGGRESSIVE;
				CLANG_CXX_LANGUAGE_STANDARD = "gnu++14";
				CLANG_CXX_LIBRARY = "libc++";
				CLANG_ENABLE_MODULES = YES;
				CLANG_ENABLE_OBJC_ARC = YES;
				CLANG_ENABLE_OBJC_WEAK = YES;
				CLANG_WARN_BLOCK_CAPTURE_AUTORELEASING = YES;
				CLANG_WARN_BOOL_CONVERSION = YES;
				CLANG_WARN_COMMA = YES;
				CLANG_WARN_CONSTANT_CONVERSION = YES;
				CLANG_WARN_DEPRECATED_OBJC_IMPLEMENTATIONS = YES;
				CLANG_WARN_DIRECT_OBJC_ISA_USAGE = YES_ERROR;
				CLANG_WARN_DOCUMENTATION_COMMENTS = YES;
				CLANG_WARN_EMPTY_BODY = YES;
				CLANG_WARN_ENUM_CONVERSION = YES;
				CLANG_WARN_INFINITE_RECURSION = YES;
				CLANG_WARN_INT_CONVERSION = YES;
				CLANG_WARN_NON_LITERAL_NULL_CONVERSION = YES;
				CLANG_WARN_OBJC_IMPLICIT_RETAIN_SELF = YES;
				CLANG_WARN_OBJC_LITERAL_CONVERSION = YES;
				CLANG_WARN_OBJC_ROOT_CLASS = YES_ERROR;
				CLANG_WARN_RANGE_LOOP_ANALYSIS = YES;
				CLANG_WARN_STRICT_PROTOTYPES = YES;
				CLANG_WARN_SUSPICIOUS_MOVE = YES;
				CLANG_WARN_UNGUARDED_AVAILABILITY = YES_AGGRESSIVE;
				CLANG_WARN_UNREACHABLE_CODE = YES;
				CLANG_WARN__DUPLICATE_METHOD_MATCH = YES;
				CODE_SIGN_IDENTITY = "iPhone Developer";
				COPY_PHASE_STRIP = NO;
				DEBUG_INFORMATION_FORMAT = dwarf;
				ENABLE_STRICT_OBJC_MSGSEND = YES;
				ENABLE_TESTABILITY = YES;
				GCC_C_LANGUAGE_STANDARD = gnu11;
				GCC_DYNAMIC_NO_PIC = NO;
				GCC_NO_COMMON_BLOCKS = YES;
				GCC_OPTIMIZATION_LEVEL = 0;
				GCC_PREPROCESSOR_DEFINITIONS = (
					"DEBUG=1",
					"$(inherited)",
				);
				GCC_WARN_64_TO_32_BIT_CONVERSION = YES;
				GCC_WARN_ABOUT_RETURN_TYPE = YES_ERROR;
				GCC_WARN_UNDECLARED_SELECTOR = YES;
				GCC_WARN_UNINITIALIZED_AUTOS = YES_AGGRESSIVE;
				GCC_WARN_UNUSED_FUNCTION = YES;
				GCC_WARN_UNUSED_VARIABLE = YES;
				IPHONEOS_DEPLOYMENT_TARGET = 12.1;
				MTL_ENABLE_DEBUG_INFO = INCLUDE_SOURCE;
				MTL_FAST_MATH = YES;
				ONLY_ACTIVE_ARCH = YES;
				SDKROOT = iphoneos;
				SWIFT_ACTIVE_COMPILATION_CONDITIONS = DEBUG;
				SWIFT_OPTIMIZATION_LEVEL = "-Onone";
			};
			name = Debug;
		};
		22854B76228BB42C001027CB /* Release */ = {
			isa = XCBuildConfiguration;
			buildSettings = {
				ALWAYS_SEARCH_USER_PATHS = NO;
				CLANG_ANALYZER_NONNULL = YES;
				CLANG_ANALYZER_NUMBER_OBJECT_CONVERSION = YES_AGGRESSIVE;
				CLANG_CXX_LANGUAGE_STANDARD = "gnu++14";
				CLANG_CXX_LIBRARY = "libc++";
				CLANG_ENABLE_MODULES = YES;
				CLANG_ENABLE_OBJC_ARC = YES;
				CLANG_ENABLE_OBJC_WEAK = YES;
				CLANG_WARN_BLOCK_CAPTURE_AUTORELEASING = YES;
				CLANG_WARN_BOOL_CONVERSION = YES;
				CLANG_WARN_COMMA = YES;
				CLANG_WARN_CONSTANT_CONVERSION = YES;
				CLANG_WARN_DEPRECATED_OBJC_IMPLEMENTATIONS = YES;
				CLANG_WARN_DIRECT_OBJC_ISA_USAGE = YES_ERROR;
				CLANG_WARN_DOCUMENTATION_COMMENTS = YES;
				CLANG_WARN_EMPTY_BODY = YES;
				CLANG_WARN_ENUM_CONVERSION = YES;
				CLANG_WARN_INFINITE_RECURSION = YES;
				CLANG_WARN_INT_CONVERSION = YES;
				CLANG_WARN_NON_LITERAL_NULL_CONVERSION = YES;
				CLANG_WARN_OBJC_IMPLICIT_RETAIN_SELF = YES;
				CLANG_WARN_OBJC_LITERAL_CONVERSION = YES;
				CLANG_WARN_OBJC_ROOT_CLASS = YES_ERROR;
				CLANG_WARN_RANGE_LOOP_ANALYSIS = YES;
				CLANG_WARN_STRICT_PROTOTYPES = YES;
				CLANG_WARN_SUSPICIOUS_MOVE = YES;
				CLANG_WARN_UNGUARDED_AVAILABILITY = YES_AGGRESSIVE;
				CLANG_WARN_UNREACHABLE_CODE = YES;
				CLANG_WARN__DUPLICATE_METHOD_MATCH = YES;
				CODE_SIGN_IDENTITY = "iPhone Developer";
				COPY_PHASE_STRIP = NO;
				DEBUG_INFORMATION_FORMAT = "dwarf-with-dsym";
				ENABLE_NS_ASSERTIONS = NO;
				ENABLE_STRICT_OBJC_MSGSEND = YES;
				GCC_C_LANGUAGE_STANDARD = gnu11;
				GCC_NO_COMMON_BLOCKS = YES;
				GCC_WARN_64_TO_32_BIT_CONVERSION = YES;
				GCC_WARN_ABOUT_RETURN_TYPE = YES_ERROR;
				GCC_WARN_UNDECLARED_SELECTOR = YES;
				GCC_WARN_UNINITIALIZED_AUTOS = YES_AGGRESSIVE;
				GCC_WARN_UNUSED_FUNCTION = YES;
				GCC_WARN_UNUSED_VARIABLE = YES;
				IPHONEOS_DEPLOYMENT_TARGET = 12.1;
				MTL_ENABLE_DEBUG_INFO = NO;
				MTL_FAST_MATH = YES;
				SDKROOT = iphoneos;
				SWIFT_COMPILATION_MODE = wholemodule;
				SWIFT_OPTIMIZATION_LEVEL = "-O";
				VALIDATE_PRODUCT = YES;
			};
			name = Release;
		};
		22854B78228BB42C001027CB /* Debug */ = {
			isa = XCBuildConfiguration;
			baseConfigurationReference = 231E26429B8C9F216C85574D /* Pods-RAVirtuaLect.debug.xcconfig */;
			buildSettings = {
				ASSETCATALOG_COMPILER_APPICON_NAME = AppIcon;
				CODE_SIGN_IDENTITY = "iPhone Developer";
				CODE_SIGN_STYLE = Automatic;
				DEVELOPMENT_TEAM = 9FP68S8ZB9;
				INFOPLIST_FILE = RAVirtuaLect/Info.plist;
				IPHONEOS_DEPLOYMENT_TARGET = 12.1;
				LD_RUNPATH_SEARCH_PATHS = (
					"$(inherited)",
					"@executable_path/Frameworks",
				);
				PRODUCT_BUNDLE_IDENTIFIER = com.virtualecto.RAVirtuaLect;
				PRODUCT_NAME = "$(TARGET_NAME)";
				PROVISIONING_PROFILE_SPECIFIER = "";
				SWIFT_VERSION = 4.2;
				TARGETED_DEVICE_FAMILY = 1;
			};
			name = Debug;
		};
		22854B79228BB42C001027CB /* Release */ = {
			isa = XCBuildConfiguration;
			baseConfigurationReference = 37C77A26BCAC32F1A7D0326A /* Pods-RAVirtuaLect.release.xcconfig */;
			buildSettings = {
				ASSETCATALOG_COMPILER_APPICON_NAME = AppIcon;
				CODE_SIGN_IDENTITY = "iPhone Developer";
				CODE_SIGN_STYLE = Automatic;
				DEVELOPMENT_TEAM = 9FP68S8ZB9;
				INFOPLIST_FILE = RAVirtuaLect/Info.plist;
				IPHONEOS_DEPLOYMENT_TARGET = 12.1;
				LD_RUNPATH_SEARCH_PATHS = (
					"$(inherited)",
					"@executable_path/Frameworks",
				);
				PRODUCT_BUNDLE_IDENTIFIER = com.virtualecto.RAVirtuaLect;
				PRODUCT_NAME = "$(TARGET_NAME)";
				PROVISIONING_PROFILE_SPECIFIER = "";
				SWIFT_VERSION = 4.2;
				TARGETED_DEVICE_FAMILY = 1;
			};
			name = Release;
		};
/* End XCBuildConfiguration section */

/* Begin XCConfigurationList section */
		22854B60228BB42B001027CB /* Build configuration list for PBXProject "RAVirtuaLect" */ = {
			isa = XCConfigurationList;
			buildConfigurations = (
				22854B75228BB42C001027CB /* Debug */,
				22854B76228BB42C001027CB /* Release */,
			);
			defaultConfigurationIsVisible = 0;
			defaultConfigurationName = Release;
		};
		22854B77228BB42C001027CB /* Build configuration list for PBXNativeTarget "RAVirtuaLect" */ = {
			isa = XCConfigurationList;
			buildConfigurations = (
				22854B78228BB42C001027CB /* Debug */,
				22854B79228BB42C001027CB /* Release */,
			);
			defaultConfigurationIsVisible = 0;
			defaultConfigurationName = Release;
		};
/* End XCConfigurationList section */
	};
	rootObject = 22854B5D228BB42B001027CB /* Project object */;
}
